hash: 27c481d19decaa7fcdfb871e08bc3314a1bbfc87966cbaaca25632b714eb7013
updated: 2018-02-04T15:45:41.608060478+07:00
imports:
- name: github.com/golang/snappy
  version: 553a641470496b2327abcac10b36396bd98e45c9
- name: github.com/nsqio/go-nsq
  version: eee57a3ac4174c55924125bb15eeeda8cffb6e6f
testImports: []
